{
  "version": 4,
  "terraform_version": "1.11.2",
  "serial": 14,
  "lineage": "e0aa094d-cf69-be38-733e-5189eeeb1501",
  "outputs": {},
  "resources": [
    {
      "module": "module.container_registry",
      "mode": "managed",
      "type": "azurerm_container_registry",
      "name": "acr",
      "provider": "provider[\"registry.terraform.io/hashicorp/azurerm\"]",
      "instances": [
        {
          "schema_version": 2,
          "attributes": {
            "admin_enabled": false,
            "admin_password": "",
            "admin_username": "",
            "anonymous_pull_enabled": false,
            "data_endpoint_enabled": false,
            "encryption": [],
            "export_policy_enabled": true,
            "georeplications": [],
            "id": "/subscriptions/657f10ed-40de-4452-a1b0-3031c9b7b318/resourceGroups/demoaula04/providers/Microsoft.ContainerRegistry/registries/demoaula04",
            "identity": [],
            "location": "eastus",
            "login_server": "demoaula04.azurecr.io",
            "name": "demoaula04",
            "network_rule_bypass_option": "AzureServices",
            "network_rule_set": [],
            "public_network_access_enabled": true,
            "quarantine_policy_enabled": false,
            "resource_group_name": "demoaula04",
            "retention_policy_in_days": 0,
            "sku": "Basic",
            "tags": {
              "class": "04"
            },
            "timeouts": null,
            "trust_policy_enabled": false,
            "zone_redundancy_enabled": false
          },
          "sensitive_attributes": [
            [
              {
                "type": "get_attr",
                "value": "admin_password"
              }
            ]
          ],
          "private": "eyJlMmJmYjczMC1lY2FhLTExZTYtOGY4OC0zNDM2M2JjN2M0YzAiOnsiY3JlYXRlIjoxODAwMDAwMDAwMDAwLCJkZWxldGUiOjE4MDAwMDAwMDAwMDAsInJlYWQiOjMwMDAwMDAwMDAwMCwidXBkYXRlIjoxODAwMDAwMDAwMDAwfSwic2NoZW1hX3ZlcnNpb24iOiIyIn0=",
          "dependencies": [
            "module.resource_group.azurerm_resource_group.rg"
          ]
        }
      ]
    },
    {
      "module": "module.containers_app",
      "mode": "managed",
      "type": "azurerm_container_app",
      "name": "container_app",
      "provider": "provider[\"registry.terraform.io/hashicorp/azurerm\"]",
      "instances": [
        {
          "index_key": "consumer",
          "schema_version": 0,
          "attributes": {
            "container_app_environment_id": "/subscriptions/657f10ed-40de-4452-a1b0-3031c9b7b318/resourceGroups/demoaula04/providers/Microsoft.App/managedEnvironments/demoaula04env",
            "custom_domain_verification_id": "8CCA5CFFA5FAB3E703D007A208D0805A5A59D705A117932FC04B2FE41F1A4C39",
            "dapr": [],
            "id": "/subscriptions/657f10ed-40de-4452-a1b0-3031c9b7b318/resourceGroups/demoaula04/providers/Microsoft.App/containerApps/consumer",
            "identity": [
              {
                "identity_ids": [
                  "/subscriptions/657f10ed-40de-4452-a1b0-3031c9b7b318/resourceGroups/demoaula04/providers/Microsoft.ManagedIdentity/userAssignedIdentities/demoaula04"
                ],
                "principal_id": "",
                "tenant_id": "",
                "type": "UserAssigned"
              }
            ],
            "ingress": [
              {
                "allow_insecure_connections": true,
                "client_certificate_mode": "",
                "custom_domain": [],
                "exposed_port": 0,
                "external_enabled": true,
                "fqdn": "consumer.gentlepond-6301c4de.eastus.azurecontainerapps.io",
                "ip_security_restriction": [],
                "target_port": 80,
                "traffic_weight": [
                  {
                    "label": "",
                    "latest_revision": true,
                    "percentage": 100,
                    "revision_suffix": ""
                  }
                ],
                "transport": "auto"
              }
            ],
            "latest_revision_fqdn": "consumer--wck5wro.gentlepond-6301c4de.eastus.azurecontainerapps.io",
            "latest_revision_name": "consumer--wck5wro",
            "location": "eastus",
            "max_inactive_revisions": 0,
            "name": "consumer",
            "outbound_ip_addresses": [
              "135.234.192.99"
            ],
            "registry": [
              {
                "identity": "/subscriptions/657f10ed-40de-4452-a1b0-3031c9b7b318/resourceGroups/demoaula04/providers/Microsoft.ManagedIdentity/userAssignedIdentities/demoaula04",
                "password_secret_name": "",
                "server": "demoaula04.azurecr.io",
                "username": ""
              }
            ],
            "resource_group_name": "demoaula04",
            "revision_mode": "Single",
            "secret": [],
            "tags": null,
            "template": [
              {
                "azure_queue_scale_rule": [],
                "container": [
                  {
                    "args": null,
                    "command": null,
                    "cpu": 0.25,
                    "env": [],
                    "ephemeral_storage": "1Gi",
                    "image": "mcr.microsoft.com/k8se/quickstart:latest",
                    "liveness_probe": [],
                    "memory": "0.5Gi",
                    "name": "consumer",
                    "readiness_probe": [],
                    "startup_probe": [],
                    "volume_mounts": []
                  }
                ],
                "custom_scale_rule": [],
                "http_scale_rule": [],
                "init_container": [],
                "max_replicas": 10,
                "min_replicas": 0,
                "revision_suffix": "",
                "tcp_scale_rule": [],
                "termination_grace_period_seconds": 0,
                "volume": []
              }
            ],
            "timeouts": null,
            "workload_profile_name": ""
          },
          "sensitive_attributes": [
            [
              {
                "type": "get_attr",
                "value": "custom_domain_verification_id"
              }
            ]
          ],
          "private": "eyJlMmJmYjczMC1lY2FhLTExZTYtOGY4OC0zNDM2M2JjN2M0YzAiOnsiY3JlYXRlIjoxODAwMDAwMDAwMDAwLCJkZWxldGUiOjE4MDAwMDAwMDAwMDAsInJlYWQiOjMwMDAwMDAwMDAwMCwidXBkYXRlIjoxODAwMDAwMDAwMDAwfX0=",
          "dependencies": [
            "module.container_registry.azurerm_container_registry.acr",
            "module.containers_app.azurerm_container_app_environment.environment",
            "module.identity.azurerm_user_assigned_identity.uai",
            "module.log_analytics_workspace.azurerm_log_analytics_workspace.law",
            "module.resource_group.azurerm_resource_group.rg"
          ]
        },
        {
          "index_key": "producer",
          "schema_version": 0,
          "attributes": {
            "container_app_environment_id": "/subscriptions/657f10ed-40de-4452-a1b0-3031c9b7b318/resourceGroups/demoaula04/providers/Microsoft.App/managedEnvironments/demoaula04env",
            "custom_domain_verification_id": "8CCA5CFFA5FAB3E703D007A208D0805A5A59D705A117932FC04B2FE41F1A4C39",
            "dapr": [],
            "id": "/subscriptions/657f10ed-40de-4452-a1b0-3031c9b7b318/resourceGroups/demoaula04/providers/Microsoft.App/containerApps/producer",
            "identity": [
              {
                "identity_ids": [
                  "/subscriptions/657f10ed-40de-4452-a1b0-3031c9b7b318/resourceGroups/demoaula04/providers/Microsoft.ManagedIdentity/userAssignedIdentities/demoaula04"
                ],
                "principal_id": "",
                "tenant_id": "",
                "type": "UserAssigned"
              }
            ],
            "ingress": [
              {
                "allow_insecure_connections": true,
                "client_certificate_mode": "",
                "custom_domain": [],
                "exposed_port": 0,
                "external_enabled": true,
                "fqdn": "producer.gentlepond-6301c4de.eastus.azurecontainerapps.io",
                "ip_security_restriction": [],
                "target_port": 80,
                "traffic_weight": [
                  {
                    "label": "",
                    "latest_revision": true,
                    "percentage": 100,
                    "revision_suffix": ""
                  }
                ],
                "transport": "auto"
              }
            ],
            "latest_revision_fqdn": "producer--z2xxjtc.gentlepond-6301c4de.eastus.azurecontainerapps.io",
            "latest_revision_name": "producer--z2xxjtc",
            "location": "eastus",
            "max_inactive_revisions": 0,
            "name": "producer",
            "outbound_ip_addresses": [
              "135.234.192.99"
            ],
            "registry": [
              {
                "identity": "/subscriptions/657f10ed-40de-4452-a1b0-3031c9b7b318/resourceGroups/demoaula04/providers/Microsoft.ManagedIdentity/userAssignedIdentities/demoaula04",
                "password_secret_name": "",
                "server": "demoaula04.azurecr.io",
                "username": ""
              }
            ],
            "resource_group_name": "demoaula04",
            "revision_mode": "Single",
            "secret": [],
            "tags": null,
            "template": [
              {
                "azure_queue_scale_rule": [],
                "container": [
                  {
                    "args": null,
                    "command": null,
                    "cpu": 0.25,
                    "env": [],
                    "ephemeral_storage": "1Gi",
                    "image": "mcr.microsoft.com/k8se/quickstart:latest",
                    "liveness_probe": [],
                    "memory": "0.5Gi",
                    "name": "producer",
                    "readiness_probe": [],
                    "startup_probe": [],
                    "volume_mounts": []
                  }
                ],
                "custom_scale_rule": [],
                "http_scale_rule": [],
                "init_container": [],
                "max_replicas": 10,
                "min_replicas": 0,
                "revision_suffix": "",
                "tcp_scale_rule": [],
                "termination_grace_period_seconds": 0,
                "volume": []
              }
            ],
            "timeouts": null,
            "workload_profile_name": ""
          },
          "sensitive_attributes": [
            [
              {
                "type": "get_attr",
                "value": "custom_domain_verification_id"
              }
            ]
          ],
          "private": "eyJlMmJmYjczMC1lY2FhLTExZTYtOGY4OC0zNDM2M2JjN2M0YzAiOnsiY3JlYXRlIjoxODAwMDAwMDAwMDAwLCJkZWxldGUiOjE4MDAwMDAwMDAwMDAsInJlYWQiOjMwMDAwMDAwMDAwMCwidXBkYXRlIjoxODAwMDAwMDAwMDAwfX0=",
          "dependencies": [
            "module.container_registry.azurerm_container_registry.acr",
            "module.containers_app.azurerm_container_app_environment.environment",
            "module.identity.azurerm_user_assigned_identity.uai",
            "module.log_analytics_workspace.azurerm_log_analytics_workspace.law",
            "module.resource_group.azurerm_resource_group.rg"
          ]
        }
      ]
    },
    {
      "module": "module.containers_app",
      "mode": "managed",
      "type": "azurerm_container_app_environment",
      "name": "environment",
      "provider": "provider[\"registry.terraform.io/hashicorp/azurerm\"]",
      "instances": [
        {
          "schema_version": 0,
          "attributes": {
            "custom_domain_verification_id": "8CCA5CFFA5FAB3E703D007A208D0805A5A59D705A117932FC04B2FE41F1A4C39",
            "dapr_application_insights_connection_string": "",
            "default_domain": "gentlepond-6301c4de.eastus.azurecontainerapps.io",
            "docker_bridge_cidr": "",
            "id": "/subscriptions/657f10ed-40de-4452-a1b0-3031c9b7b318/resourceGroups/demoaula04/providers/Microsoft.App/managedEnvironments/demoaula04env",
            "infrastructure_resource_group_name": "",
            "infrastructure_subnet_id": "",
            "internal_load_balancer_enabled": false,
            "location": "eastus",
            "log_analytics_workspace_id": "/subscriptions/657f10ed-40de-4452-a1b0-3031c9b7b318/resourceGroups/demoaula04/providers/Microsoft.OperationalInsights/workspaces/demoaula04",
            "logs_destination": "log-analytics",
            "mutual_tls_enabled": false,
            "name": "demoaula04env",
            "platform_reserved_cidr": "",
            "platform_reserved_dns_ip_address": "",
            "resource_group_name": "demoaula04",
            "static_ip_address": "57.152.25.54",
            "tags": null,
            "timeouts": null,
            "workload_profile": [],
            "zone_redundancy_enabled": false
          },
          "sensitive_attributes": [
            [
              {
                "type": "get_attr",
                "value": "dapr_application_insights_connection_string"
              }
            ]
          ],
          "private": "eyJlMmJmYjczMC1lY2FhLTExZTYtOGY4OC0zNDM2M2JjN2M0YzAiOnsiY3JlYXRlIjoxODAwMDAwMDAwMDAwLCJkZWxldGUiOjE4MDAwMDAwMDAwMDAsInJlYWQiOjMwMDAwMDAwMDAwMCwidXBkYXRlIjoxODAwMDAwMDAwMDAwfX0=",
          "dependencies": [
            "module.log_analytics_workspace.azurerm_log_analytics_workspace.law",
            "module.resource_group.azurerm_resource_group.rg"
          ]
        }
      ]
    },
    {
      "module": "module.identity",
      "mode": "managed",
      "type": "azurerm_role_assignment",
      "name": "role_assignment",
      "provider": "provider[\"registry.terraform.io/hashicorp/azurerm\"]",
      "instances": [
        {
          "index_key": "acr",
          "schema_version": 0,
          "attributes": {
            "condition": "",
            "condition_version": "",
            "delegated_managed_identity_resource_id": "",
            "description": "",
            "id": "/subscriptions/657f10ed-40de-4452-a1b0-3031c9b7b318/resourceGroups/demoaula04/providers/Microsoft.ContainerRegistry/registries/demoaula04/providers/Microsoft.Authorization/roleAssignments/6fbdd1ab-2527-5e86-553a-1499901044d1",
            "name": "6fbdd1ab-2527-5e86-553a-1499901044d1",
            "principal_id": "1bd7debc-fab8-4fae-8935-0099f68a888a",
            "principal_type": "ServicePrincipal",
            "role_definition_id": "/subscriptions/657f10ed-40de-4452-a1b0-3031c9b7b318/providers/Microsoft.Authorization/roleDefinitions/7f951dda-4ed3-4680-a7ca-43fe172d538d",
            "role_definition_name": "AcrPull",
            "scope": "/subscriptions/657f10ed-40de-4452-a1b0-3031c9b7b318/resourceGroups/demoaula04/providers/Microsoft.ContainerRegistry/registries/demoaula04",
            "skip_service_principal_aad_check": null,
            "timeouts": null
          },
          "sensitive_attributes": [],
          "private": "eyJlMmJmYjczMC1lY2FhLTExZTYtOGY4OC0zNDM2M2JjN2M0YzAiOnsiY3JlYXRlIjoxODAwMDAwMDAwMDAwLCJkZWxldGUiOjE4MDAwMDAwMDAwMDAsInJlYWQiOjMwMDAwMDAwMDAwMH19",
          "dependencies": [
            "module.container_registry.azurerm_container_registry.acr",
            "module.identity.azurerm_user_assigned_identity.uai",
            "module.resource_group.azurerm_resource_group.rg"
          ]
        }
      ]
    },
    {
      "module": "module.identity",
      "mode": "managed",
      "type": "azurerm_user_assigned_identity",
      "name": "uai",
      "provider": "provider[\"registry.terraform.io/hashicorp/azurerm\"]",
      "instances": [
        {
          "schema_version": 1,
          "attributes": {
            "client_id": "5d2ce974-95d9-49d8-b35e-42ef967bd23c",
            "id": "/subscriptions/657f10ed-40de-4452-a1b0-3031c9b7b318/resourceGroups/demoaula04/providers/Microsoft.ManagedIdentity/userAssignedIdentities/demoaula04",
            "location": "eastus",
            "name": "demoaula04",
            "principal_id": "1bd7debc-fab8-4fae-8935-0099f68a888a",
            "resource_group_name": "demoaula04",
            "tags": {
              "class": "04"
            },
            "tenant_id": "9d02f340-b361-44ce-a7bb-5f7ba0a41266",
            "timeouts": null
          },
          "sensitive_attributes": [],
          "private": "eyJlMmJmYjczMC1lY2FhLTExZTYtOGY4OC0zNDM2M2JjN2M0YzAiOnsiY3JlYXRlIjoxODAwMDAwMDAwMDAwLCJkZWxldGUiOjE4MDAwMDAwMDAwMDAsInJlYWQiOjMwMDAwMDAwMDAwMCwidXBkYXRlIjoxODAwMDAwMDAwMDAwfSwic2NoZW1hX3ZlcnNpb24iOiIxIn0=",
          "dependencies": [
            "module.resource_group.azurerm_resource_group.rg"
          ]
        }
      ]
    },
    {
      "module": "module.log_analytics_workspace",
      "mode": "managed",
      "type": "azurerm_log_analytics_workspace",
      "name": "law",
      "provider": "provider[\"registry.terraform.io/hashicorp/azurerm\"]",
      "instances": [
        {
          "schema_version": 3,
          "attributes": {
            "allow_resource_only_permissions": true,
            "cmk_for_query_forced": false,
            "daily_quota_gb": -1,
            "data_collection_rule_id": "",
            "id": "/subscriptions/657f10ed-40de-4452-a1b0-3031c9b7b318/resourceGroups/demoaula04/providers/Microsoft.OperationalInsights/workspaces/demoaula04",
            "identity": [],
            "immediate_data_purge_on_30_days_enabled": false,
            "internet_ingestion_enabled": true,
            "internet_query_enabled": true,
            "local_authentication_disabled": false,
            "location": "eastus",
            "name": "demoaula04",
            "primary_shared_key": "4kts3zaOzchiAdIpIsMB6V0/iWwYuNaQUZY6ypOotAzaPg5/ZKnN+5Ks9X+Nt0AX/pCj3Lsu1OGyENJWvTcBRA==",
            "reservation_capacity_in_gb_per_day": null,
            "resource_group_name": "demoaula04",
            "retention_in_days": 30,
            "secondary_shared_key": "Mklo0+Jt70WqnllRdffQvidFkufjm7GV6plJ95nqyuiOH3Ykks6oR8vQVpf9JnUu2RLnWxGOGfIa07w1ejyskg==",
            "sku": "PerGB2018",
            "tags": null,
            "timeouts": null,
            "workspace_id": "40859e7c-9905-44ae-a240-0f1a1b2c978d"
          },
          "sensitive_attributes": [
            [
              {
                "type": "get_attr",
                "value": "secondary_shared_key"
              }
            ],
            [
              {
                "type": "get_attr",
                "value": "primary_shared_key"
              }
            ]
          ],
          "private": "eyJlMmJmYjczMC1lY2FhLTExZTYtOGY4OC0zNDM2M2JjN2M0YzAiOnsiY3JlYXRlIjoxODAwMDAwMDAwMDAwLCJkZWxldGUiOjE4MDAwMDAwMDAwMDAsInJlYWQiOjMwMDAwMDAwMDAwMCwidXBkYXRlIjoxODAwMDAwMDAwMDAwfSwic2NoZW1hX3ZlcnNpb24iOiIzIn0=",
          "dependencies": [
            "module.resource_group.azurerm_resource_group.rg"
          ]
        }
      ]
    },
    {
      "module": "module.resource_group",
      "mode": "managed",
      "type": "azurerm_resource_group",
      "name": "rg",
      "provider": "provider[\"registry.terraform.io/hashicorp/azurerm\"]",
      "instances": [
        {
          "schema_version": 0,
          "attributes": {
            "id": "/subscriptions/657f10ed-40de-4452-a1b0-3031c9b7b318/resourceGroups/demoaula04",
            "location": "eastus",
            "managed_by": "",
            "name": "demoaula04",
            "tags": {
              "class": "04"
            },
            "timeouts": null
          },
          "sensitive_attributes": [],
          "private": "eyJlMmJmYjczMC1lY2FhLTExZTYtOGY4OC0zNDM2M2JjN2M0YzAiOnsiY3JlYXRlIjo1NDAwMDAwMDAwMDAwLCJkZWxldGUiOjU0MDAwMDAwMDAwMDAsInJlYWQiOjMwMDAwMDAwMDAwMCwidXBkYXRlIjo1NDAwMDAwMDAwMDAwfX0="
        }
      ]
    }
  ],
  "check_results": [
    {
      "object_kind": "var",
      "config_addr": "module.container_registry.var.sku",
      "status": "pass",
      "objects": [
        {
          "object_addr": "module.container_registry.var.sku",
          "status": "pass"
        }
      ]
    },
    {
      "object_kind": "var",
      "config_addr": "module.container_registry.var.default_action",
      "status": "pass",
      "objects": [
        {
          "object_addr": "module.container_registry.var.default_action",
          "status": "pass"
        }
      ]
    }
  ]
}
